
Microsoft Visual Studio Solution File, Format Version 12.00
# Visual Studio Version 16
VisualStudioVersion = 16.0.31702.278
MinimumVisualStudioVersion = 10.0.40219.1
Project("{2150E333-8FDC-42A3-9474-1A3956D46DE8}") = "CoreCleanArchitecture.UI.MVC", "CoreCleanArchitecture.UI.MVC", "{239589BA-6423-4FE5-8A31-FB26977AF066}"
EndProject
Project("{2150E333-8FDC-42A3-9474-1A3956D46DE8}") = "CoreCleanArchitecture.Application", "CoreCleanArchitecture.Application", "{B80641BA-535B-40EB-A5A7-32EB90DD5510}"
EndProject
Project("{2150E333-8FDC-42A3-9474-1A3956D46DE8}") = "CoreCleanArchitecture.Domain", "CoreCleanArchitecture.Domain", "{E016FA24-7E85-4F96-96C3-0351E9A44902}"
EndProject
Project("{2150E333-8FDC-42A3-9474-1A3956D46DE8}") = "CoreCleanArchitecture.Infrastructure.Data", "CoreCleanArchitecture.Infrastructure.Data", "{7F4FB09E-7B71-4E6A-82F9-B854B8F054DE}"
EndProject
Project("{2150E333-8FDC-42A3-9474-1A3956D46DE8}") = "CoreCleanArchitecture.Infrastructure.Ioc", "CoreCleanArchitecture.Infrastructure.Ioc", "{0038535F-548C-4969-BB65-4C32C9124B8B}"
EndProject
Project("{9A19103F-16F7-4668-BE54-9A1E7A4F7556}") = "CoreCleanArchitecture.Web", "CoreCleanArchitecture.Web\CoreCleanArchitecture.Web.csproj", "{9920456C-F982-4046-A688-9C4191C6D227}"
EndProject
Project("{9A19103F-16F7-4668-BE54-9A1E7A4F7556}") = "CleanArchitecture.Infra.Data", "CleanArchitecture.Infra.Data\CleanArchitecture.Infra.Data.csproj", "{6CBC3344-EC39-4582-A5AB-46F55DF8DA2C}"
EndProject
Project("{9A19103F-16F7-4668-BE54-9A1E7A4F7556}") = "CleanArchitecture.Application", "CleanArchitecture.Application\CleanArchitecture.Application.csproj", "{238AB69A-EC85-4187-B0EB-DBD7F1BEE4AB}"
EndProject
Project("{9A19103F-16F7-4668-BE54-9A1E7A4F7556}") = "CleanArchitecture.Infra.IoC", "CleanArchitecture.Infra.IoC\CleanArchitecture.Infra.IoC.csproj", "{FDA5477C-085B-498C-8763-772165C813B6}"
EndProject
Project("{9A19103F-16F7-4668-BE54-9A1E7A4F7556}") = "CleanArchitecture.Domain", "CleanArchitecture.Infra.Models\CleanArchitecture.Domain.csproj", "{56BA2943-A8CD-4968-9E7A-40E13FAE2042}"
EndProject
Global
	GlobalSection(SolutionConfigurationPlatforms) = preSolution
		Debug|Any CPU = Debug|Any CPU
		Release|Any CPU = Release|Any CPU
	EndGlobalSection
	GlobalSection(ProjectConfigurationPlatforms) = postSolution
		{9920456C-F982-4046-A688-9C4191C6D227}.Debug|Any CPU.ActiveCfg = Debug|Any CPU
		{9920456C-F982-4046-A688-9C4191C6D227}.Debug|Any CPU.Build.0 = Debug|Any CPU
		{9920456C-F982-4046-A688-9C4191C6D227}.Release|Any CPU.ActiveCfg = Release|Any CPU
		{9920456C-F982-4046-A688-9C4191C6D227}.Release|Any CPU.Build.0 = Release|Any CPU
		{6CBC3344-EC39-4582-A5AB-46F55DF8DA2C}.Debug|Any CPU.ActiveCfg = Debug|Any CPU
		{6CBC3344-EC39-4582-A5AB-46F55DF8DA2C}.Debug|Any CPU.Build.0 = Debug|Any CPU
		{6CBC3344-EC39-4582-A5AB-46F55DF8DA2C}.Release|Any CPU.ActiveCfg = Release|Any CPU
		{6CBC3344-EC39-4582-A5AB-46F55DF8DA2C}.Release|Any CPU.Build.0 = Release|Any CPU
		{238AB69A-EC85-4187-B0EB-DBD7F1BEE4AB}.Debug|Any CPU.ActiveCfg = Debug|Any CPU
		{238AB69A-EC85-4187-B0EB-DBD7F1BEE4AB}.Debug|Any CPU.Build.0 = Debug|Any CPU
		{238AB69A-EC85-4187-B0EB-DBD7F1BEE4AB}.Release|Any CPU.ActiveCfg = Release|Any CPU
		{238AB69A-EC85-4187-B0EB-DBD7F1BEE4AB}.Release|Any CPU.Build.0 = Release|Any CPU
		{FDA5477C-085B-498C-8763-772165C813B6}.Debug|Any CPU.ActiveCfg = Debug|Any CPU
		{FDA5477C-085B-498C-8763-772165C813B6}.Debug|Any CPU.Build.0 = Debug|Any CPU
		{FDA5477C-085B-498C-8763-772165C813B6}.Release|Any CPU.ActiveCfg = Release|Any CPU
		{FDA5477C-085B-498C-8763-772165C813B6}.Release|Any CPU.Build.0 = Release|Any CPU
		{56BA2943-A8CD-4968-9E7A-40E13FAE2042}.Debug|Any CPU.ActiveCfg = Debug|Any CPU
		{56BA2943-A8CD-4968-9E7A-40E13FAE2042}.Debug|Any CPU.Build.0 = Debug|Any CPU
		{56BA2943-A8CD-4968-9E7A-40E13FAE2042}.Release|Any CPU.ActiveCfg = Release|Any CPU
		{56BA2943-A8CD-4968-9E7A-40E13FAE2042}.Release|Any CPU.Build.0 = Release|Any CPU
	EndGlobalSection
	GlobalSection(SolutionProperties) = preSolution
		HideSolutionNode = FALSE
	EndGlobalSection
	GlobalSection(NestedProjects) = preSolution
		{9920456C-F982-4046-A688-9C4191C6D227} = {239589BA-6423-4FE5-8A31-FB26977AF066}
		{6CBC3344-EC39-4582-A5AB-46F55DF8DA2C} = {7F4FB09E-7B71-4E6A-82F9-B854B8F054DE}
		{238AB69A-EC85-4187-B0EB-DBD7F1BEE4AB} = {B80641BA-535B-40EB-A5A7-32EB90DD5510}
		{FDA5477C-085B-498C-8763-772165C813B6} = {0038535F-548C-4969-BB65-4C32C9124B8B}
		{56BA2943-A8CD-4968-9E7A-40E13FAE2042} = {E016FA24-7E85-4F96-96C3-0351E9A44902}
	EndGlobalSection
	GlobalSection(ExtensibilityGlobals) = postSolution
		SolutionGuid = {EA5BCBD6-82AD-4A6D-8527-9C2CC23EBE70}
	EndGlobalSection
EndGlobal
